schema: '2.0'
stages:
  preprocessing:
    cmd: python3 -m src.features.preprocessing
    deps:
    - path: data/raw/seg_pred
      hash: md5
      md5: 60d3bed882c9b4f9365488a922defe37.dir
      size: 110600684
      nfiles: 7301
    - path: data/raw/seg_test
      hash: md5
      md5: 33cfdaa1708c48814a4a1206bde93c92.dir
      size: 45382818
      nfiles: 3000
    - path: data/raw/seg_train
      hash: md5
      md5: 26ead25fdb2268128d40ade86d29e228.dir
      size: 212876095
      nfiles: 14034
    - path: src/features/preprocessing.py
      hash: md5
      md5: c490b4bc162b71dfd9bb04c65af3c428
      size: 2965
    outs:
    - path: data/processed/x_pred.npy
      hash: md5
      md5: 6fdb98f8fbcecbf0b5da85ca743ce0aa
      size: 219030128
    - path: data/processed/x_test.npy
      hash: md5
      md5: 5145cbed99b352efc87dd57fa6653044
      size: 6000128
    - path: data/processed/x_train.npy
      hash: md5
      md5: 19a334a1d4a3912de56a85bd9008424e
      size: 30000128
    - path: data/processed/y_test.npy
      hash: md5
      md5: 1a71da4e3039081c21bb0a44466c9ac7
      size: 1728
    - path: data/processed/y_train.npy
      hash: md5
      md5: e6dd00d298c2bb5edc8c8fb909785f96
      size: 8128
  train:
    cmd: python3 -m src.models.train
    deps:
    - path: data/processed/x_train.npy
      hash: md5
      md5: 19a334a1d4a3912de56a85bd9008424e
      size: 30000128
    - path: data/processed/y_train.npy
      hash: md5
      md5: e6dd00d298c2bb5edc8c8fb909785f96
      size: 8128
    - path: src/models/train.py
      hash: md5
      md5: 7f9882395951c131a54962f009419772
      size: 3072
    outs:
    - path: models/model.pkl
      hash: md5
      md5: 391b6f48e9bb429a893bd7f0778d9dd4
      size: 8147831
  evaluate:
    cmd: python3 -m src.models.evaluate
    deps:
    - path: data/processed/x_test.npy
      hash: md5
      md5: 5145cbed99b352efc87dd57fa6653044
      size: 6000128
    - path: data/processed/y_test.npy
      hash: md5
      md5: 1a71da4e3039081c21bb0a44466c9ac7
      size: 1728
    - path: models/model.pkl
      hash: md5
      md5: 391b6f48e9bb429a893bd7f0778d9dd4
      size: 8147831
    - path: src/models/evaluate.py
      hash: md5
      md5: fc15fcd7096672fffd479283835544b8
      size: 2238
    outs:
    - path: metrics/scores.json
      hash: md5
      md5: ce3618d86a47cfba7d4c112ac4a2d677
      size: 23
